// !$*UTF8*$!
{
	archiveVersion = 1;
	classes = {
	};
	objectVersion = 46;
	objects = {

/* Begin PBXBuildFile section */
		9D06BFA41D18B67A000C095E /* hmm.mp3 in Resources */ = {isa = PBXBuildFile; fileRef = 9D06BFA21D18B67A000C095E /* hmm.mp3 */; };
		9D06BFA51D18B67A000C095E /* cheer.mp3 in Resources */ = {isa = PBXBuildFile; fileRef = 9D06BFA31D18B67A000C095E /* cheer.mp3 */; };
		9D11BA151D17424200802885 /* AppDelegate.swift in Sources */ = {isa = PBXBuildFile; fileRef = 9D11BA141D17424200802885 /* AppDelegate.swift */; };
		9D11BA171D17424200802885 /* ViewController.swift in Sources */ = {isa = PBXBuildFile; fileRef = 9D11BA161D17424200802885 /* ViewController.swift */; };
		9D11BA1A1D17424200802885 /* Main.storyboard in Resources */ = {isa = PBXBuildFile; fileRef = 9D11BA181D17424200802885 /* Main.storyboard */; };
		9D11BA1C1D17424200802885 /* Assets.xcassets in Resources */ = {isa = PBXBuildFile; fileRef = 9D11BA1B1D17424200802885 /* Assets.xcassets */; };
		9D11BA1F1D17424200802885 /* LaunchScreen.storyboard in Resources */ = {isa = PBXBuildFile; fileRef = 9D11BA1D1D17424200802885 /* LaunchScreen.storyboard */; };
		9D59C29D1D2491BF00AA0701 /* Decision_Maker_Answer.png in Resources */ = {isa = PBXBuildFile; fileRef = 9D59C29C1D2491BF00AA0701 /* Decision_Maker_Answer.png */; };
		9DB7A9A41D17B03A007810EF /* thought_bubble.png in Resources */ = {isa = PBXBuildFile; fileRef = 9DB7A9A31D17B03A007810EF /* thought_bubble.png */; };
/* End PBXBuildFile section */

/* Begin PBXFileReference section */
		9D06BFA21D18B67A000C095E /* hmm.mp3 */ = {isa = PBXFileReference; lastKnownFileType = audio.mp3; path = hmm.mp3; sourceTree = "<group>"; };
		9D06BFA31D18B67A000C095E /* cheer.mp3 */ = {isa = PBXFileReference; lastKnownFileType = audio.mp3; path = cheer.mp3; sourceTree = "<group>"; };
		9D11BA111D17424200802885 /* DecisionMaker.app */ = {isa = PBXFileReference; explicitFileType = wrapper.application; includeInIndex = 0; path = DecisionMaker.app; sourceTree = BUILT_PRODUCTS_DIR; };
		9D11BA141D17424200802885 /* AppDelegate.swift */ = {isa = PBXFileReference; lastKnownFileType = sourcecode.swift; path = AppDelegate.swift; sourceTree = "<group>"; };
		9D11BA161D17424200802885 /* ViewController.swift */ = {isa = PBXFileReference; lastKnownFileType = sourcecode.swift; path = ViewController.swift; sourceTree = "<group>"; };
		9D11BA191D17424200802885 /* Base */ = {isa = PBXFileReference; lastKnownFileType = file.storyboard; name = Base; path = Base.lproj/Main.storyboard; sourceTree = "<group>"; };
		9D11BA1B1D17424200802885 /* Assets.xcassets */ = {isa = PBXFileReference; lastKnownFileType = folder.assetcatalog; path = Assets.xcassets; sourceTree = "<group>"; };
		9D11BA1E1D17424200802885 /* Base */ = {isa = PBXFileReference; lastKnownFileType = file.storyboard; name = Base; path = Base.lproj/LaunchScreen.storyboard; sourceTree = "<group>"; };
		9D11BA201D17424200802885 /* Info.plist */ = {isa = PBXFileReference; lastKnownFileType = text.plist.xml; path = Info.plist; sourceTree = "<group>"; };
		9D59C29C1D2491BF00AA0701 /* Decision_Maker_Answer.png */ = {isa = PBXFileReference; lastKnownFileType = image.png; path = Decision_Maker_Answer.png; sourceTree = "<group>"; };
		9DB7A9A31D17B03A007810EF /* thought_bubble.png */ = {isa = PBXFileReference; lastKnownFileType = image.png; path = thought_bubble.png; sourceTree = "<group>"; };
/* End PBXFileReference section */

/* Begin PBXFrameworksBuildPhase section */
		9D11BA0E1D17424200802885 /* Frameworks */ = {
			isa = PBXFrameworksBuildPhase;
			buildActionMask = 2147483647;
			files = (
			);
			runOnlyForDeploymentPostprocessing = 0;
		};
/* End PBXFrameworksBuildPhase section */

/* Begin PBXGroup section */
		9D06BFA61D18B961000C095E /* Sounds */ = {
			isa = PBXGroup;
			children = (
				9D06BFA21D18B67A000C095E /* hmm.mp3 */,
				9D06BFA31D18B67A000C095E /* cheer.mp3 */,
			);
			name = Sounds;
			sourceTree = "<group>";
		};
		9D11BA081D17424200802885 = {
			isa = PBXGroup;
			children = (
				9D11BA131D17424200802885 /* DecisionMaker */,
				9D11BA121D17424200802885 /* Products */,
			);
			sourceTree = "<group>";
		};
		9D11BA121D17424200802885 /* Products */ = {
			isa = PBXGroup;
			children = (
				9D11BA111D17424200802885 /* DecisionMaker.app */,
			);
			name = Products;
			sourceTree = "<group>";
		};
		9D11BA131D17424200802885 /* DecisionMaker */ = {
			isa = PBXGroup;
			children = (
				9D59C29C1D2491BF00AA0701 /* Decision_Maker_Answer.png */,
				9D06BFA61D18B961000C095E /* Sounds */,
				9D11BA141D17424200802885 /* AppDelegate.swift */,
				9D11BA161D17424200802885 /* ViewController.swift */,
				9D11BA181D17424200802885 /* Main.storyboard */,
				9DB7A9A31D17B03A007810EF /* thought_bubble.png */,
				9D11BA1B1D17424200802885 /* Assets.xcassets */,
				9D11BA1D1D17424200802885 /* LaunchScreen.storyboard */,
				9D11BA201D17424200802885 /* Info.plist */,
			);
			path = DecisionMaker;
			sourceTree = "<group>";
		};
/* End PBXGroup section */

/* Begin PBXNativeTarget section */
		9D11BA101D17424200802885 /* DecisionMaker */ = {
			isa = PBXNativeTarget;
			buildConfigurationList = 9D11BA231D17424200802885 /* Build configuration list for PBXNativeTarget "DecisionMaker" */;
			buildPhases = (
				9D11BA0D1D17424200802885 /* Sources */,
				9D11BA0E1D17424200802885 /* Frameworks */,
				9D11BA0F1D17424200802885 /* Resources */,
			);
			buildRules = (
			);
			dependencies = (
			);
			name = DecisionMaker;
			productName = DecisionMaker;
			productReference = 9D11BA111D17424200802885 /* DecisionMaker.app */;
			productType = "com.apple.product-type.application";
		};
/* End PBXNativeTarget section */

/* Begin PBXProject section */
		9D11BA091D17424200802885 /* Project object */ = {
			isa = PBXProject;
			attributes = {
				LastSwiftUpdateCheck = 0730;
				LastUpgradeCheck = 0820;
				ORGANIZATIONNAME = decisionmakerproject;
				TargetAttributes = {
					9D11BA101D17424200802885 = {
						CreatedOnToolsVersion = 7.3.1;
						DevelopmentTeam = VELR4J9LT9;
						LastSwiftMigration = 0820;
					};
				};
			};
			buildConfigurationList = 9D11BA0C1D17424200802885 /* Build configuration list for PBXProject "DecisionMaker" */;
			compatibilityVersion = "Xcode 3.2";
			developmentRegion = English;
			hasScannedForEncodings = 0;
			knownRegions = (
				en,
				Base,
			);
			mainGroup = 9D11BA081D17424200802885;
			productRefGroup = 9D11BA121D17424200802885 /* Products */;
			projectDirPath = "";
			projectRoot = "";
			targets = (
				9D11BA101D17424200802885 /* DecisionMaker */,
			);
		};
/* End PBXProject section */

/* Begin PBXResourcesBuildPhase section */
		9D11BA0F1D17424200802885 /* Resources */ = {
			isa = PBXResourcesBuildPhase;
			buildActionMask = 2147483647;
			files = (
				9D06BFA51D18B67A000C095E /* cheer.mp3 in Resources */,
				9D11BA1F1D17424200802885 /* LaunchScreen.storyboard in Resources */,
				9D59C29D1D2491BF00AA0701 /* Decision_Maker_Answer.png in Resources */,
				9D11BA1C1D17424200802885 /* Assets.xcassets in Resources */,
				9D11BA1A1D17424200802885 /* Main.storyboard in Resources */,
				9D06BFA41D18B67A000C095E /* hmm.mp3 in Resources */,
				9DB7A9A41D17B03A007810EF /* thought_bubble.png in Resources */,
			);
			runOnlyForDeploymentPostprocessing = 0;
		};
/* End PBXResourcesBuildPhase section */

/* Begin PBXSourcesBuildPhase section */
		9D11BA0D1D17424200802885 /* Sources */ = {
			isa = PBXSourcesBuildPhase;
			buildActionMask = 2147483647;
			files = (
				9D11BA171D17424200802885 /* ViewController.swift in Sources */,
				9D11BA151D17424200802885 /* AppDelegate.swift in Sources */,
			);
			runOnlyForDeploymentPostprocessing = 0;
		};
/* End PBXSourcesBuildPhase section */

/* Begin PBXVariantGroup section */
		9D11BA181D17424200802885 /* Main.storyboard */ = {
			isa = PBXVariantGroup;
			children = (
				9D11BA191D17424200802885 /* Base */,
			);
			name = Main.storyboard;
			sourceTree = "<group>";
		};
		9D11BA1D1D17424200802885 /* LaunchScreen.storyboard */ = {
			isa = PBXVariantGroup;
			children = (
				9D11BA1E1D17424200802885 /* Base */,
			);
			name = LaunchScreen.storyboard;
			sourceTree = "<group>";
		};
/* End PBXVariantGroup section */

/* Begin XCBuildConfiguration section */
		9D11BA211D17424200802885 /* Debug */ = {
			isa = XCBuildConfiguration;
			buildSettings = {
				ALWAYS_SEARCH_USER_PATHS = NO;
				CLANG_ANALYZER_NONNULL = YES;
				CLANG_CXX_LANGUAGE_STANDARD = "gnu++0x";
				CLANG_CXX_LIBRARY = "libc++";
				CLANG_ENABLE_MODULES = YES;
				CLANG_ENABLE_OBJC_ARC = YES;
				CLANG_WARN_BOOL_CONVERSION = YES;
				CLANG_WARN_CONSTANT_CONVERSION = YES;
				CLANG_WARN_DIRECT_OBJC_ISA_USAGE = YES_ERROR;
				CLANG_WARN_EMPTY_BODY = YES;
				CLANG_WARN_ENUM_CONVERSION = YES;
				CLANG_WARN_INFINITE_RECURSION = YES;
				CLANG_WARN_INT_CONVERSION = YES;
				CLANG_WARN_OBJC_ROOT_CLASS = YES_ERROR;
				CLANG_WARN_SUSPICIOUS_MOVE = YES;
				CLANG_WARN_UNREACHABLE_CODE = YES;
				CLANG_WARN__DUPLICATE_METHOD_MATCH = YES;
				"CODE_SIGN_IDENTITY[sdk=iphoneos*]" = "iPhone Developer";
				COPY_PHASE_STRIP = NO;
				DEBUG_INFORMATION_FORMAT = dwarf;
				ENABLE_STRICT_OBJC_MSGSEND = YES;
				ENABLE_TESTABILITY = YES;
				GCC_C_LANGUAGE_STANDARD = gnu99;
				GCC_DYNAMIC_NO_PIC = NO;
				GCC_NO_COMMON_BLOCKS = YES;
				GCC_OPTIMIZATION_LEVEL = 0;
				GCC_PREPROCESSOR_DEFINITIONS = (
					"DEBUG=1",
					"$(inherited)",
				);
				GCC_WARN_64_TO_32_BIT_CONVERSION = YES;
				GCC_WARN_ABOUT_RETURN_TYPE = YES_ERROR;
				GCC_WARN_UNDECLARED_SELECTOR = YES;
				GCC_WARN_UNINITIALIZED_AUTOS = YES_AGGRESSIVE;
				GCC_WARN_UNUSED_FUNCTION = YES;
				GCC_WARN_UNUSED_VARIABLE = YES;
				IPHONEOS_DEPLOYMENT_TARGET = 8.0;
				MTL_ENABLE_DEBUG_INFO = YES;
				ONLY_ACTIVE_ARCH = YES;
				SDKROOT = iphoneos;
				SWIFT_OPTIMIZATION_LEVEL = "-Onone";
				TARGETED_DEVICE_FAMILY = "1,2";
			};
			name = Debug;
		};
		9D11BA221D17424200802885 /* Release */ = {
			isa = XCBuildConfiguration;
			buildSettings = {
				ALWAYS_SEARCH_USER_PATHS = NO;
				CLANG_ANALYZER_NONNULL = YES;
				CLANG_CXX_LANGUAGE_STANDARD = "gnu++0x";
				CLANG_CXX_LIBRARY = "libc++";
				CLANG_ENABLE_MODULES = YES;
				CLANG_ENABLE_OBJC_ARC = YES;
				CLANG_WARN_BOOL_CONVERSION = YES;
				CLANG_WARN_CONSTANT_CONVERSION = YES;
				CLANG_WARN_DIRECT_OBJC_ISA_USAGE = YES_ERROR;
				CLANG_WARN_EMPTY_BODY = YES;
				CLANG_WARN_ENUM_CONVERSION = YES;
				CLANG_WARN_INFINITE_RECURSION = YES;
				CLANG_WARN_INT_CONVERSION = YES;
				CLANG_WARN_OBJC_ROOT_CLASS = YES_ERROR;
				CLANG_WARN_SUSPICIOUS_MOVE = YES;
				CLANG_WARN_UNREACHABLE_CODE = YES;
				CLANG_WARN__DUPLICATE_METHOD_MATCH = YES;
				"CODE_SIGN_IDENTITY[sdk=iphoneos*]" = "iPhone Developer";
				COPY_PHASE_STRIP = NO;
				DEBUG_INFORMATION_FORMAT = "dwarf-with-dsym";
				ENABLE_NS_ASSERTIONS = NO;
				ENABLE_STRICT_OBJC_MSGSEND = YES;
				GCC_C_LANGUAGE_STANDARD = gnu99;
				GCC_NO_COMMON_BLOCKS = YES;
				GCC_WARN_64_TO_32_BIT_CONVERSION = YES;
				GCC_WARN_ABOUT_RETURN_TYPE = YES_ERROR;
				GCC_WARN_UNDECLARED_SELECTOR = YES;
				GCC_WARN_UNINITIALIZED_AUTOS = YES_AGGRESSIVE;
				GCC_WARN_UNUSED_FUNCTION = YES;
				GCC_WARN_UNUSED_VARIABLE = YES;
				IPHONEOS_DEPLOYMENT_TARGET = 8.0;
				MTL_ENABLE_DEBUG_INFO = NO;
				SDKROOT = iphoneos;
				SWIFT_OPTIMIZATION_LEVEL = "-Owholemodule";
				TARGETED_DEVICE_FAMILY = "1,2";
				VALIDATE_PRODUCT = YES;
			};
			name = Release;
		};
		9D11BA241D17424200802885 /* Debug */ = {
			isa = XCBuildConfiguration;
			buildSettings = {
				ASSETCATALOG_COMPILER_APPICON_NAME = AppIcon;
				CODE_SIGN_IDENTITY = "iPhone Developer";
				"CODE_SIGN_IDENTITY[sdk=iphoneos*]" = "iPhone Developer";
				INFOPLIST_FILE = DecisionMaker/Info.plist;
				IPHONEOS_DEPLOYMENT_TARGET = 8.0;
				LD_RUNPATH_SEARCH_PATHS = "$(inherited) @executable_path/Frameworks";
				PRODUCT_BUNDLE_IDENTIFIER = com.sinthesis.DecisionMaker;
				PRODUCT_NAME = "$(TARGET_NAME)";
				PROVISIONING_PROFILE = "";
				SWIFT_VERSION = 3.0;
				TARGETED_DEVICE_FAMILY = "1,2";
			};
			name = Debug;
		};
		9D11BA251D17424200802885 /* Release */ = {
			isa = XCBuildConfiguration;
			buildSettings = {
				ASSETCATALOG_COMPILER_APPICON_NAME = AppIcon;
				CODE_SIGN_IDENTITY = "iPhone Developer";
				"CODE_SIGN_IDENTITY[sdk=iphoneos*]" = "iPhone Developer";
				INFOPLIST_FILE = DecisionMaker/Info.plist;
				IPHONEOS_DEPLOYMENT_TARGET = 8.0;
				LD_RUNPATH_SEARCH_PATHS = "$(inherited) @executable_path/Frameworks";
				PRODUCT_BUNDLE_IDENTIFIER = com.sinthesis.DecisionMaker;
				PRODUCT_NAME = "$(TARGET_NAME)";
				PROVISIONING_PROFILE = "";
				SWIFT_VERSION = 3.0;
				TARGETED_DEVICE_FAMILY = "1,2";
			};
			name = Release;
		};
/* End XCBuildConfiguration section */

/* Begin XCConfigurationList section */
		9D11BA0C1D17424200802885 /* Build configuration list for PBXProject "DecisionMaker" */ = {
			isa = XCConfigurationList;
			buildConfigurations = (
				9D11BA211D17424200802885 /* Debug */,
				9D11BA221D17424200802885 /* Release */,
			);
			defaultConfigurationIsVisible = 0;
			defaultConfigurationName = Release;
		};
		9D11BA231D17424200802885 /* Build configuration list for PBXNativeTarget "DecisionMaker" */ = {
			isa = XCConfigurationList;
			buildConfigurations = (
				9D11BA241D17424200802885 /* Debug */,
				9D11BA251D17424200802885 /* Release */,
			);
			defaultConfigurationIsVisible = 0;
			defaultConfigurationName = Release;
		};
/* End XCConfigurationList section */
	};
	rootObject = 9D11BA091D17424200802885 /* Project object */;
}
